
Microsoft Visual Studio Solution File, Format Version 12.00
# Visual Studio Version 17
VisualStudioVersion = 17.11.35327.3
MinimumVisualStudioVersion = 10.0.40219.1
Project("{FAE04EC0-301F-11D3-BF4B-00C04F79EFBC}") = "Core", "Core\Core.csproj", "{4C2D01A8-64FB-45E6-8F88-5A54DC986361}"
EndProject
Project("{FAE04EC0-301F-11D3-BF4B-00C04F79EFBC}") = "Data", "Data\Data.csproj", "{DF9C5FF0-50FE-40D3-94BF-D966A54EC8FC}"
EndProject
Project("{FAE04EC0-301F-11D3-BF4B-00C04F79EFBC}") = "Presentation", "Presentation\Presentation.csproj", "{B8BF70A5-8F74-4623-A3C4-12B39BBD968D}"
EndProject
Project("{FAE04EC0-301F-11D3-BF4B-00C04F79EFBC}") = "Application", "Application\Application.csproj", "{012F2E5E-1E97-408E-B2D8-2C6B44DDC8EC}"
EndProject
Project("{FAE04EC0-301F-11D3-BF4B-00C04F79EFBC}") = "Domain", "Domain\Domain.csproj", "{F08E21E1-9081-41D2-A059-ED9C6574AD58}"
EndProject
Project("{FAE04EC0-301F-11D3-BF4B-00C04F79EFBC}") = "InfraData", "InfraData\InfraData.csproj", "{C4942E19-6EE1-411E-A976-CD2BEE2AAA57}"
EndProject
Global
	GlobalSection(SolutionConfigurationPlatforms) = preSolution
		Debug|Any CPU = Debug|Any CPU
		Debug|ARM = Debug|ARM
		Debug|ARM64 = Debug|ARM64
		Debug|x64 = Debug|x64
		Debug|x86 = Debug|x86
		Release|Any CPU = Release|Any CPU
		Release|ARM = Release|ARM
		Release|ARM64 = Release|ARM64
		Release|x64 = Release|x64
		Release|x86 = Release|x86
	EndGlobalSection
	GlobalSection(ProjectConfigurationPlatforms) = postSolution
		{4C2D01A8-64FB-45E6-8F88-5A54DC986361}.Debug|Any CPU.ActiveCfg = Debug|Any CPU
		{4C2D01A8-64FB-45E6-8F88-5A54DC986361}.Debug|Any CPU.Build.0 = Debug|Any CPU
		{4C2D01A8-64FB-45E6-8F88-5A54DC986361}.Debug|ARM.ActiveCfg = Debug|ARM
		{4C2D01A8-64FB-45E6-8F88-5A54DC986361}.Debug|ARM.Build.0 = Debug|ARM
		{4C2D01A8-64FB-45E6-8F88-5A54DC986361}.Debug|ARM64.ActiveCfg = Debug|ARM64
		{4C2D01A8-64FB-45E6-8F88-5A54DC986361}.Debug|ARM64.Build.0 = Debug|ARM64
		{4C2D01A8-64FB-45E6-8F88-5A54DC986361}.Debug|x64.ActiveCfg = Debug|x64
		{4C2D01A8-64FB-45E6-8F88-5A54DC986361}.Debug|x64.Build.0 = Debug|x64
		{4C2D01A8-64FB-45E6-8F88-5A54DC986361}.Debug|x86.ActiveCfg = Debug|x86
		{4C2D01A8-64FB-45E6-8F88-5A54DC986361}.Debug|x86.Build.0 = Debug|x86
		{4C2D01A8-64FB-45E6-8F88-5A54DC986361}.Release|Any CPU.ActiveCfg = Release|Any CPU
		{4C2D01A8-64FB-45E6-8F88-5A54DC986361}.Release|Any CPU.Build.0 = Release|Any CPU
		{4C2D01A8-64FB-45E6-8F88-5A54DC986361}.Release|ARM.ActiveCfg = Release|ARM
		{4C2D01A8-64FB-45E6-8F88-5A54DC986361}.Release|ARM.Build.0 = Release|ARM
		{4C2D01A8-64FB-45E6-8F88-5A54DC986361}.Release|ARM64.ActiveCfg = Release|ARM64
		{4C2D01A8-64FB-45E6-8F88-5A54DC986361}.Release|ARM64.Build.0 = Release|ARM64
		{4C2D01A8-64FB-45E6-8F88-5A54DC986361}.Release|x64.ActiveCfg = Release|x64
		{4C2D01A8-64FB-45E6-8F88-5A54DC986361}.Release|x64.Build.0 = Release|x64
		{4C2D01A8-64FB-45E6-8F88-5A54DC986361}.Release|x86.ActiveCfg = Release|x86
		{4C2D01A8-64FB-45E6-8F88-5A54DC986361}.Release|x86.Build.0 = Release|x86
		{DF9C5FF0-50FE-40D3-94BF-D966A54EC8FC}.Debug|Any CPU.ActiveCfg = Debug|Any CPU
		{DF9C5FF0-50FE-40D3-94BF-D966A54EC8FC}.Debug|Any CPU.Build.0 = Debug|Any CPU
		{DF9C5FF0-50FE-40D3-94BF-D966A54EC8FC}.Debug|ARM.ActiveCfg = Debug|ARM
		{DF9C5FF0-50FE-40D3-94BF-D966A54EC8FC}.Debug|ARM.Build.0 = Debug|ARM
		{DF9C5FF0-50FE-40D3-94BF-D966A54EC8FC}.Debug|ARM64.ActiveCfg = Debug|ARM64
		{DF9C5FF0-50FE-40D3-94BF-D966A54EC8FC}.Debug|ARM64.Build.0 = Debug|ARM64
		{DF9C5FF0-50FE-40D3-94BF-D966A54EC8FC}.Debug|x64.ActiveCfg = Debug|x64
		{DF9C5FF0-50FE-40D3-94BF-D966A54EC8FC}.Debug|x64.Build.0 = Debug|x64
		{DF9C5FF0-50FE-40D3-94BF-D966A54EC8FC}.Debug|x86.ActiveCfg = Debug|x86
		{DF9C5FF0-50FE-40D3-94BF-D966A54EC8FC}.Debug|x86.Build.0 = Debug|x86
		{DF9C5FF0-50FE-40D3-94BF-D966A54EC8FC}.Release|Any CPU.ActiveCfg = Release|Any CPU
		{DF9C5FF0-50FE-40D3-94BF-D966A54EC8FC}.Release|Any CPU.Build.0 = Release|Any CPU
		{DF9C5FF0-50FE-40D3-94BF-D966A54EC8FC}.Release|ARM.ActiveCfg = Release|ARM
		{DF9C5FF0-50FE-40D3-94BF-D966A54EC8FC}.Release|ARM.Build.0 = Release|ARM
		{DF9C5FF0-50FE-40D3-94BF-D966A54EC8FC}.Release|ARM64.ActiveCfg = Release|ARM64
		{DF9C5FF0-50FE-40D3-94BF-D966A54EC8FC}.Release|ARM64.Build.0 = Release|ARM64
		{DF9C5FF0-50FE-40D3-94BF-D966A54EC8FC}.Release|x64.ActiveCfg = Release|x64
		{DF9C5FF0-50FE-40D3-94BF-D966A54EC8FC}.Release|x64.Build.0 = Release|x64
		{DF9C5FF0-50FE-40D3-94BF-D966A54EC8FC}.Release|x86.ActiveCfg = Release|x86
		{DF9C5FF0-50FE-40D3-94BF-D966A54EC8FC}.Release|x86.Build.0 = Release|x86
		{B8BF70A5-8F74-4623-A3C4-12B39BBD968D}.Debug|Any CPU.ActiveCfg = Debug|x64
		{B8BF70A5-8F74-4623-A3C4-12B39BBD968D}.Debug|Any CPU.Build.0 = Debug|x64
		{B8BF70A5-8F74-4623-A3C4-12B39BBD968D}.Debug|Any CPU.Deploy.0 = Debug|x64
		{B8BF70A5-8F74-4623-A3C4-12B39BBD968D}.Debug|ARM.ActiveCfg = Debug|ARM
		{B8BF70A5-8F74-4623-A3C4-12B39BBD968D}.Debug|ARM.Build.0 = Debug|ARM
		{B8BF70A5-8F74-4623-A3C4-12B39BBD968D}.Debug|ARM.Deploy.0 = Debug|ARM
		{B8BF70A5-8F74-4623-A3C4-12B39BBD968D}.Debug|ARM64.ActiveCfg = Debug|ARM64
		{B8BF70A5-8F74-4623-A3C4-12B39BBD968D}.Debug|ARM64.Build.0 = Debug|ARM64
		{B8BF70A5-8F74-4623-A3C4-12B39BBD968D}.Debug|ARM64.Deploy.0 = Debug|ARM64
		{B8BF70A5-8F74-4623-A3C4-12B39BBD968D}.Debug|x64.ActiveCfg = Debug|x64
		{B8BF70A5-8F74-4623-A3C4-12B39BBD968D}.Debug|x64.Build.0 = Debug|x64
		{B8BF70A5-8F74-4623-A3C4-12B39BBD968D}.Debug|x64.Deploy.0 = Debug|x64
		{B8BF70A5-8F74-4623-A3C4-12B39BBD968D}.Debug|x86.ActiveCfg = Debug|x86
		{B8BF70A5-8F74-4623-A3C4-12B39BBD968D}.Debug|x86.Build.0 = Debug|x86
		{B8BF70A5-8F74-4623-A3C4-12B39BBD968D}.Debug|x86.Deploy.0 = Debug|x86
		{B8BF70A5-8F74-4623-A3C4-12B39BBD968D}.Release|Any CPU.ActiveCfg = Release|x64
		{B8BF70A5-8F74-4623-A3C4-12B39BBD968D}.Release|Any CPU.Build.0 = Release|x64
		{B8BF70A5-8F74-4623-A3C4-12B39BBD968D}.Release|Any CPU.Deploy.0 = Release|x64
		{B8BF70A5-8F74-4623-A3C4-12B39BBD968D}.Release|ARM.ActiveCfg = Release|ARM
		{B8BF70A5-8F74-4623-A3C4-12B39BBD968D}.Release|ARM.Build.0 = Release|ARM
		{B8BF70A5-8F74-4623-A3C4-12B39BBD968D}.Release|ARM.Deploy.0 = Release|ARM
		{B8BF70A5-8F74-4623-A3C4-12B39BBD968D}.Release|ARM64.ActiveCfg = Release|ARM64
		{B8BF70A5-8F74-4623-A3C4-12B39BBD968D}.Release|ARM64.Build.0 = Release|ARM64
		{B8BF70A5-8F74-4623-A3C4-12B39BBD968D}.Release|ARM64.Deploy.0 = Release|ARM64
		{B8BF70A5-8F74-4623-A3C4-12B39BBD968D}.Release|x64.ActiveCfg = Release|x64
		{B8BF70A5-8F74-4623-A3C4-12B39BBD968D}.Release|x64.Build.0 = Release|x64
		{B8BF70A5-8F74-4623-A3C4-12B39BBD968D}.Release|x64.Deploy.0 = Release|x64
		{B8BF70A5-8F74-4623-A3C4-12B39BBD968D}.Release|x86.ActiveCfg = Release|x86
		{B8BF70A5-8F74-4623-A3C4-12B39BBD968D}.Release|x86.Build.0 = Release|x86
		{B8BF70A5-8F74-4623-A3C4-12B39BBD968D}.Release|x86.Deploy.0 = Release|x86
		{012F2E5E-1E97-408E-B2D8-2C6B44DDC8EC}.Debug|Any CPU.ActiveCfg = Debug|Any CPU
		{012F2E5E-1E97-408E-B2D8-2C6B44DDC8EC}.Debug|Any CPU.Build.0 = Debug|Any CPU
		{012F2E5E-1E97-408E-B2D8-2C6B44DDC8EC}.Debug|ARM.ActiveCfg = Debug|ARM
		{012F2E5E-1E97-408E-B2D8-2C6B44DDC8EC}.Debug|ARM.Build.0 = Debug|ARM
		{012F2E5E-1E97-408E-B2D8-2C6B44DDC8EC}.Debug|ARM64.ActiveCfg = Debug|ARM64
		{012F2E5E-1E97-408E-B2D8-2C6B44DDC8EC}.Debug|ARM64.Build.0 = Debug|ARM64
		{012F2E5E-1E97-408E-B2D8-2C6B44DDC8EC}.Debug|x64.ActiveCfg = Debug|x64
		{012F2E5E-1E97-408E-B2D8-2C6B44DDC8EC}.Debug|x64.Build.0 = Debug|x64
		{012F2E5E-1E97-408E-B2D8-2C6B44DDC8EC}.Debug|x86.ActiveCfg = Debug|x86
		{012F2E5E-1E97-408E-B2D8-2C6B44DDC8EC}.Debug|x86.Build.0 = Debug|x86
		{012F2E5E-1E97-408E-B2D8-2C6B44DDC8EC}.Release|Any CPU.ActiveCfg = Release|Any CPU
		{012F2E5E-1E97-408E-B2D8-2C6B44DDC8EC}.Release|Any CPU.Build.0 = Release|Any CPU
		{012F2E5E-1E97-408E-B2D8-2C6B44DDC8EC}.Release|ARM.ActiveCfg = Release|ARM
		{012F2E5E-1E97-408E-B2D8-2C6B44DDC8EC}.Release|ARM.Build.0 = Release|ARM
		{012F2E5E-1E97-408E-B2D8-2C6B44DDC8EC}.Release|ARM64.ActiveCfg = Release|ARM64
		{012F2E5E-1E97-408E-B2D8-2C6B44DDC8EC}.Release|ARM64.Build.0 = Release|ARM64
		{012F2E5E-1E97-408E-B2D8-2C6B44DDC8EC}.Release|x64.ActiveCfg = Release|x64
		{012F2E5E-1E97-408E-B2D8-2C6B44DDC8EC}.Release|x64.Build.0 = Release|x64
		{012F2E5E-1E97-408E-B2D8-2C6B44DDC8EC}.Release|x86.ActiveCfg = Release|x86
		{012F2E5E-1E97-408E-B2D8-2C6B44DDC8EC}.Release|x86.Build.0 = Release|x86
		{F08E21E1-9081-41D2-A059-ED9C6574AD58}.Debug|Any CPU.ActiveCfg = Debug|Any CPU
		{F08E21E1-9081-41D2-A059-ED9C6574AD58}.Debug|Any CPU.Build.0 = Debug|Any CPU
		{F08E21E1-9081-41D2-A059-ED9C6574AD58}.Debug|ARM.ActiveCfg = Debug|ARM
		{F08E21E1-9081-41D2-A059-ED9C6574AD58}.Debug|ARM.Build.0 = Debug|ARM
		{F08E21E1-9081-41D2-A059-ED9C6574AD58}.Debug|ARM64.ActiveCfg = Debug|ARM64
		{F08E21E1-9081-41D2-A059-ED9C6574AD58}.Debug|ARM64.Build.0 = Debug|ARM64
		{F08E21E1-9081-41D2-A059-ED9C6574AD58}.Debug|x64.ActiveCfg = Debug|x64
		{F08E21E1-9081-41D2-A059-ED9C6574AD58}.Debug|x64.Build.0 = Debug|x64
		{F08E21E1-9081-41D2-A059-ED9C6574AD58}.Debug|x86.ActiveCfg = Debug|x86
		{F08E21E1-9081-41D2-A059-ED9C6574AD58}.Debug|x86.Build.0 = Debug|x86
		{F08E21E1-9081-41D2-A059-ED9C6574AD58}.Release|Any CPU.ActiveCfg = Release|Any CPU
		{F08E21E1-9081-41D2-A059-ED9C6574AD58}.Release|Any CPU.Build.0 = Release|Any CPU
		{F08E21E1-9081-41D2-A059-ED9C6574AD58}.Release|ARM.ActiveCfg = Release|ARM
		{F08E21E1-9081-41D2-A059-ED9C6574AD58}.Release|ARM.Build.0 = Release|ARM
		{F08E21E1-9081-41D2-A059-ED9C6574AD58}.Release|ARM64.ActiveCfg = Release|ARM64
		{F08E21E1-9081-41D2-A059-ED9C6574AD58}.Release|ARM64.Build.0 = Release|ARM64
		{F08E21E1-9081-41D2-A059-ED9C6574AD58}.Release|x64.ActiveCfg = Release|x64
		{F08E21E1-9081-41D2-A059-ED9C6574AD58}.Release|x64.Build.0 = Release|x64
		{F08E21E1-9081-41D2-A059-ED9C6574AD58}.Release|x86.ActiveCfg = Release|x86
		{F08E21E1-9081-41D2-A059-ED9C6574AD58}.Release|x86.Build.0 = Release|x86
		{C4942E19-6EE1-411E-A976-CD2BEE2AAA57}.Debug|Any CPU.ActiveCfg = Debug|Any CPU
		{C4942E19-6EE1-411E-A976-CD2BEE2AAA57}.Debug|Any CPU.Build.0 = Debug|Any CPU
		{C4942E19-6EE1-411E-A976-CD2BEE2AAA57}.Debug|ARM.ActiveCfg = Debug|ARM
		{C4942E19-6EE1-411E-A976-CD2BEE2AAA57}.Debug|ARM.Build.0 = Debug|ARM
		{C4942E19-6EE1-411E-A976-CD2BEE2AAA57}.Debug|ARM64.ActiveCfg = Debug|ARM64
		{C4942E19-6EE1-411E-A976-CD2BEE2AAA57}.Debug|ARM64.Build.0 = Debug|ARM64
		{C4942E19-6EE1-411E-A976-CD2BEE2AAA57}.Debug|x64.ActiveCfg = Debug|x64
		{C4942E19-6EE1-411E-A976-CD2BEE2AAA57}.Debug|x64.Build.0 = Debug|x64
		{C4942E19-6EE1-411E-A976-CD2BEE2AAA57}.Debug|x86.ActiveCfg = Debug|x86
		{C4942E19-6EE1-411E-A976-CD2BEE2AAA57}.Debug|x86.Build.0 = Debug|x86
		{C4942E19-6EE1-411E-A976-CD2BEE2AAA57}.Release|Any CPU.ActiveCfg = Release|Any CPU
		{C4942E19-6EE1-411E-A976-CD2BEE2AAA57}.Release|Any CPU.Build.0 = Release|Any CPU
		{C4942E19-6EE1-411E-A976-CD2BEE2AAA57}.Release|ARM.ActiveCfg = Release|ARM
		{C4942E19-6EE1-411E-A976-CD2BEE2AAA57}.Release|ARM.Build.0 = Release|ARM
		{C4942E19-6EE1-411E-A976-CD2BEE2AAA57}.Release|ARM64.ActiveCfg = Release|ARM64
		{C4942E19-6EE1-411E-A976-CD2BEE2AAA57}.Release|ARM64.Build.0 = Release|ARM64
		{C4942E19-6EE1-411E-A976-CD2BEE2AAA57}.Release|x64.ActiveCfg = Release|x64
		{C4942E19-6EE1-411E-A976-CD2BEE2AAA57}.Release|x64.Build.0 = Release|x64
		{C4942E19-6EE1-411E-A976-CD2BEE2AAA57}.Release|x86.ActiveCfg = Release|x86
		{C4942E19-6EE1-411E-A976-CD2BEE2AAA57}.Release|x86.Build.0 = Release|x86
	EndGlobalSection
	GlobalSection(SolutionProperties) = preSolution
		HideSolutionNode = FALSE
	EndGlobalSection
	GlobalSection(ExtensibilityGlobals) = postSolution
		SolutionGuid = {F697B806-102D-4E43-92B7-1F049726C308}
	EndGlobalSection
EndGlobal
